{
  "originHash" : "0300b5d954fa4a52d6fe903dd952dbc02d82640fd0495b7d11d7d6319e0bab68",
  "pins" : [
    {
      "identity" : "swift-docc-plugin",
      "kind" : "remoteSourceControl",
      "location" : "https://github.com/swiftlang/swift-docc-plugin",
      "state" : {
        "revision" : "647c708be89f834fa6a6d4945442793a77ddf5b6",
        "version" : "1.5.0"
      }
    },
    {
      "identity" : "swift-docc-symbolkit",
      "kind" : "remoteSourceControl",
      "location" : "https://github.com/swiftlang/swift-docc-symbolkit",
      "state" : {
        "revision" : "b45d1f2ed151d057b54504d653e0da5552844e34",
        "version" : "1.0.0"
      }
    },
    {
      "identity" : "swift-wireframe",
      "kind" : "remoteSourceControl",
      "location" : "https://github.com/GaDaXaRa/swift-wireframe.git",
      "state" : {
        "revision" : "d14e15ada2edc4cc6d95a364e0f49c8238191671",
        "version" : "1.0.0"
      }
    }
  ],
  "version" : 3
}
